
Microsoft Visual Studio Solution File, Format Version 11.00
# Visual Studio 2010
Project("{FAE04EC0-301F-11D3-BF4B-00C04F79EFBC}") = "BDDatabase", "BDDatabase.csproj", "{CF504066-059D-4C9C-8FEE-A351A1A1D032}"
EndProject
Global
	GlobalSection(SolutionConfigurationPlatforms) = preSolution
		Debug|Any CPU = Debug|Any CPU
		Release|Any CPU = Release|Any CPU
	EndGlobalSection
	GlobalSection(ProjectConfigurationPlatforms) = postSolution
		{CF504066-059D-4C9C-8FEE-A351A1A1D032}.Debug|Any CPU.ActiveCfg = Debug|Any CPU
		{CF504066-059D-4C9C-8FEE-A351A1A1D032}.Debug|Any CPU.Build.0 = Debug|Any CPU
		{CF504066-059D-4C9C-8FEE-A351A1A1D032}.Release|Any CPU.ActiveCfg = Release|Any CPU
		{CF504066-059D-4C9C-8FEE-A351A1A1D032}.Release|Any CPU.Build.0 = Release|Any CPU
	EndGlobalSection
	GlobalSection(SolutionProperties) = preSolution
		HideSolutionNode = FALSE
	EndGlobalSection
EndGlobal
